
Microsoft Visual Studio Solution File, Format Version 12.00
# Visual Studio 15
VisualStudioVersion = 15.0.27428.2027
MinimumVisualStudioVersion = 10.0.40219.1
Project("{8BC9CEB8-8B4A-11D0-8D11-00A0C91BC942}") = "opensor_viewer", "opensor_viewer\opensor_viewer.vcxproj", "{352CFEAE-2FD0-4AEA-AE1D-D242F761772D}"
EndProject
Global
	GlobalSection(SolutionConfigurationPlatforms) = preSolution
		Debug|x64 = Debug|x64
		Debug|x86 = Debug|x86
		Release|x64 = Release|x64
		Release|x86 = Release|x86
	EndGlobalSection
	GlobalSection(ProjectConfigurationPlatforms) = postSolution
		{352CFEAE-2FD0-4AEA-AE1D-D242F761772D}.Debug|x64.ActiveCfg = Debug|x64
		{352CFEAE-2FD0-4AEA-AE1D-D242F761772D}.Debug|x64.Build.0 = Debug|x64
		{352CFEAE-2FD0-4AEA-AE1D-D242F761772D}.Debug|x86.ActiveCfg = Debug|Win32
		{352CFEAE-2FD0-4AEA-AE1D-D242F761772D}.Debug|x86.Build.0 = Debug|Win32
		{352CFEAE-2FD0-4AEA-AE1D-D242F761772D}.Release|x64.ActiveCfg = Release|x64
		{352CFEAE-2FD0-4AEA-AE1D-D242F761772D}.Release|x64.Build.0 = Release|x64
		{352CFEAE-2FD0-4AEA-AE1D-D242F761772D}.Release|x86.ActiveCfg = Release|Win32
		{352CFEAE-2FD0-4AEA-AE1D-D242F761772D}.Release|x86.Build.0 = Release|Win32
	EndGlobalSection
	GlobalSection(SolutionProperties) = preSolution
		HideSolutionNode = FALSE
	EndGlobalSection
	GlobalSection(ExtensibilityGlobals) = postSolution
		SolutionGuid = {CB33AE91-EEA8-4DCE-BCBD-75B393DA177D}
	EndGlobalSection
EndGlobal
