
Microsoft Visual Studio Solution File, Format Version 12.00
# Visual Studio 15
VisualStudioVersion = 15.0.27428.2027
MinimumVisualStudioVersion = 10.0.40219.1
Project("{8BC9CEB8-8B4A-11D0-8D11-00A0C91BC942}") = "opensor_viewer", "opensor_viewer\opensor_viewer.vcxproj", "{352CFEAE-2FD0-4AEA-AE1D-D242F761772D}"
EndProject
Project("{8BC9CEB8-8B4A-11D0-8D11-00A0C91BC942}") = "opensor_filereader", "opensor_filereader\opensor_filereader.vcxproj", "{9D06FA75-5D47-4D00-92A8-4EF549D19D2F}"
EndProject
Project("{8BC9CEB8-8B4A-11D0-8D11-00A0C91BC942}") = "test_opensor_viewer", "test_opensor_viewer\test_opensor_viewer.vcxproj", "{709BE6F7-0309-4CE0-BDC4-C0E6665A58BA}"
	ProjectSection(ProjectDependencies) = postProject
		{9D06FA75-5D47-4D00-92A8-4EF549D19D2F} = {9D06FA75-5D47-4D00-92A8-4EF549D19D2F}
		{352CFEAE-2FD0-4AEA-AE1D-D242F761772D} = {352CFEAE-2FD0-4AEA-AE1D-D242F761772D}
	EndProjectSection
EndProject
Global
	GlobalSection(SolutionConfigurationPlatforms) = preSolution
		Debug|x64 = Debug|x64
		Debug|x86 = Debug|x86
		Release|x64 = Release|x64
		Release|x86 = Release|x86
	EndGlobalSection
	GlobalSection(ProjectConfigurationPlatforms) = postSolution
		{352CFEAE-2FD0-4AEA-AE1D-D242F761772D}.Debug|x64.ActiveCfg = Debug|x64
		{352CFEAE-2FD0-4AEA-AE1D-D242F761772D}.Debug|x64.Build.0 = Debug|x64
		{352CFEAE-2FD0-4AEA-AE1D-D242F761772D}.Debug|x86.ActiveCfg = Debug|Win32
		{352CFEAE-2FD0-4AEA-AE1D-D242F761772D}.Debug|x86.Build.0 = Debug|Win32
		{352CFEAE-2FD0-4AEA-AE1D-D242F761772D}.Release|x64.ActiveCfg = Release|x64
		{352CFEAE-2FD0-4AEA-AE1D-D242F761772D}.Release|x64.Build.0 = Release|x64
		{352CFEAE-2FD0-4AEA-AE1D-D242F761772D}.Release|x86.ActiveCfg = Release|Win32
		{352CFEAE-2FD0-4AEA-AE1D-D242F761772D}.Release|x86.Build.0 = Release|Win32
		{9D06FA75-5D47-4D00-92A8-4EF549D19D2F}.Debug|x64.ActiveCfg = Debug|x64
		{9D06FA75-5D47-4D00-92A8-4EF549D19D2F}.Debug|x64.Build.0 = Debug|x64
		{9D06FA75-5D47-4D00-92A8-4EF549D19D2F}.Debug|x86.ActiveCfg = Debug|Win32
		{9D06FA75-5D47-4D00-92A8-4EF549D19D2F}.Debug|x86.Build.0 = Debug|Win32
		{9D06FA75-5D47-4D00-92A8-4EF549D19D2F}.Release|x64.ActiveCfg = Release|x64
		{9D06FA75-5D47-4D00-92A8-4EF549D19D2F}.Release|x64.Build.0 = Release|x64
		{9D06FA75-5D47-4D00-92A8-4EF549D19D2F}.Release|x86.ActiveCfg = Release|Win32
		{9D06FA75-5D47-4D00-92A8-4EF549D19D2F}.Release|x86.Build.0 = Release|Win32
		{709BE6F7-0309-4CE0-BDC4-C0E6665A58BA}.Debug|x64.ActiveCfg = Debug|x64
		{709BE6F7-0309-4CE0-BDC4-C0E6665A58BA}.Debug|x64.Build.0 = Debug|x64
		{709BE6F7-0309-4CE0-BDC4-C0E6665A58BA}.Debug|x86.ActiveCfg = Debug|Win32
		{709BE6F7-0309-4CE0-BDC4-C0E6665A58BA}.Debug|x86.Build.0 = Debug|Win32
		{709BE6F7-0309-4CE0-BDC4-C0E6665A58BA}.Release|x64.ActiveCfg = Release|x64
		{709BE6F7-0309-4CE0-BDC4-C0E6665A58BA}.Release|x64.Build.0 = Release|x64
		{709BE6F7-0309-4CE0-BDC4-C0E6665A58BA}.Release|x86.ActiveCfg = Release|Win32
		{709BE6F7-0309-4CE0-BDC4-C0E6665A58BA}.Release|x86.Build.0 = Release|Win32
	EndGlobalSection
	GlobalSection(SolutionProperties) = preSolution
		HideSolutionNode = FALSE
	EndGlobalSection
	GlobalSection(ExtensibilityGlobals) = postSolution
		SolutionGuid = {CB33AE91-EEA8-4DCE-BCBD-75B393DA177D}
	EndGlobalSection
EndGlobal
